
Microsoft Visual Studio Solution File, Format Version 12.00
# Visual Studio Version 16
VisualStudioVersion = 16.0.31205.134
MinimumVisualStudioVersion = 10.0.40219.1
Project("{FAE04EC0-301F-11D3-BF4B-00C04F79EFBC}") = "Shop", "Shop.csproj", "{05E6C4B1-A3D2-4582-93EE-AC0235BDFEFA}"
EndProject
Project("{2150E333-8FDC-42A3-9474-1A3956D46DE8}") = "Solution Items", "Solution Items", "{F5DFBE14-057E-4978-BCE0-E7BA0B306749}"
	ProjectSection(SolutionItems) = preProject
		.editorconfig = .editorconfig
	EndProjectSection
EndProject
Global
	GlobalSection(SolutionConfigurationPlatforms) = preSolution
		Debug|Any CPU = Debug|Any CPU
		Release|Any CPU = Release|Any CPU
	EndGlobalSection
	GlobalSection(ProjectConfigurationPlatforms) = postSolution
		{05E6C4B1-A3D2-4582-93EE-AC0235BDFEFA}.Debug|Any CPU.ActiveCfg = Debug|Any CPU
		{05E6C4B1-A3D2-4582-93EE-AC0235BDFEFA}.Debug|Any CPU.Build.0 = Debug|Any CPU
		{05E6C4B1-A3D2-4582-93EE-AC0235BDFEFA}.Release|Any CPU.ActiveCfg = Release|Any CPU
		{05E6C4B1-A3D2-4582-93EE-AC0235BDFEFA}.Release|Any CPU.Build.0 = Release|Any CPU
	EndGlobalSection
	GlobalSection(SolutionProperties) = preSolution
		HideSolutionNode = FALSE
	EndGlobalSection
	GlobalSection(ExtensibilityGlobals) = postSolution
		SolutionGuid = {AB4A8B5F-DDAA-42CA-9E8E-DC1723729757}
	EndGlobalSection
EndGlobal
